
Microsoft Visual Studio Solution File, Format Version 12.00
# Visual Studio 15
VisualStudioVersion = 15.0.28307.438
MinimumVisualStudioVersion = 10.0.40219.1
Project("{FAE04EC0-301F-11D3-BF4B-00C04F79EFBC}") = "BetServerManager", "BetServerManager\BetServerManager.csproj", "{0F5AE890-5C0A-4C16-9CAF-A01A452C0021}"
EndProject
Global
	GlobalSection(SolutionConfigurationPlatforms) = preSolution
		Debug|Any CPU = Debug|Any CPU
		Release|Any CPU = Release|Any CPU
	EndGlobalSection
	GlobalSection(ProjectConfigurationPlatforms) = postSolution
		{0F5AE890-5C0A-4C16-9CAF-A01A452C0021}.Debug|Any CPU.ActiveCfg = Debug|Any CPU
		{0F5AE890-5C0A-4C16-9CAF-A01A452C0021}.Debug|Any CPU.Build.0 = Debug|Any CPU
		{0F5AE890-5C0A-4C16-9CAF-A01A452C0021}.Release|Any CPU.ActiveCfg = Release|Any CPU
		{0F5AE890-5C0A-4C16-9CAF-A01A452C0021}.Release|Any CPU.Build.0 = Release|Any CPU
	EndGlobalSection
	GlobalSection(SolutionProperties) = preSolution
		HideSolutionNode = FALSE
	EndGlobalSection
	GlobalSection(ExtensibilityGlobals) = postSolution
		SolutionGuid = {5ADB3316-2972-408B-B250-2F3D2983431C}
	EndGlobalSection
EndGlobal
